
Microsoft Visual Studio Solution File, Format Version 12.00
# Visual Studio Version 17
VisualStudioVersion = 17.3.32929.385
MinimumVisualStudioVersion = 10.0.40219.1
Project("{FAE04EC0-301F-11D3-BF4B-00C04F79EFBC}") = "IATA.BarCodedBoardingPass", "IATA.BarCodedBoardingPass\IATA.BarCodedBoardingPass.csproj", "{D38AB0A0-0678-483D-8C75-A7F55FE50081}"
EndProject
Project("{FAE04EC0-301F-11D3-BF4B-00C04F79EFBC}") = "IATA.BarCodedBoardingPass.Test", "IATA.BarCodedBoardingPass.Test\IATA.BarCodedBoardingPass.Test.csproj", "{CF7D5813-0A1B-4CB4-B34B-990437113CF2}"
EndProject
Global
	GlobalSection(SolutionConfigurationPlatforms) = preSolution
		Debug|Any CPU = Debug|Any CPU
		Release|Any CPU = Release|Any CPU
	EndGlobalSection
	GlobalSection(ProjectConfigurationPlatforms) = postSolution
		{D38AB0A0-0678-483D-8C75-A7F55FE50081}.Debug|Any CPU.ActiveCfg = Debug|Any CPU
		{D38AB0A0-0678-483D-8C75-A7F55FE50081}.Debug|Any CPU.Build.0 = Debug|Any CPU
		{D38AB0A0-0678-483D-8C75-A7F55FE50081}.Release|Any CPU.ActiveCfg = Release|Any CPU
		{D38AB0A0-0678-483D-8C75-A7F55FE50081}.Release|Any CPU.Build.0 = Release|Any CPU
		{CF7D5813-0A1B-4CB4-B34B-990437113CF2}.Debug|Any CPU.ActiveCfg = Debug|Any CPU
		{CF7D5813-0A1B-4CB4-B34B-990437113CF2}.Debug|Any CPU.Build.0 = Debug|Any CPU
		{CF7D5813-0A1B-4CB4-B34B-990437113CF2}.Release|Any CPU.ActiveCfg = Release|Any CPU
		{CF7D5813-0A1B-4CB4-B34B-990437113CF2}.Release|Any CPU.Build.0 = Release|Any CPU
	EndGlobalSection
	GlobalSection(SolutionProperties) = preSolution
		HideSolutionNode = FALSE
	EndGlobalSection
	GlobalSection(ExtensibilityGlobals) = postSolution
		SolutionGuid = {A31D61F4-069C-4617-919F-194BEACCDB3A}
	EndGlobalSection
EndGlobal
